
Microsoft Visual Studio Solution File, Format Version 12.00
# Visual Studio Version 16
VisualStudioVersion = 16.0.30517.126
MinimumVisualStudioVersion = 10.0.40219.1
Project("{FAE04EC0-301F-11D3-BF4B-00C04F79EFBC}") = "ImageQuizz", "ImageQuizz.csproj", "{418AFD6E-403C-449E-B1A2-B495F528440D}"
EndProject
Global
	GlobalSection(SolutionConfigurationPlatforms) = preSolution
		Debug|Any CPU = Debug|Any CPU
		Release|Any CPU = Release|Any CPU
	EndGlobalSection
	GlobalSection(ProjectConfigurationPlatforms) = postSolution
		{418AFD6E-403C-449E-B1A2-B495F528440D}.Debug|Any CPU.ActiveCfg = Debug|Any CPU
		{418AFD6E-403C-449E-B1A2-B495F528440D}.Debug|Any CPU.Build.0 = Debug|Any CPU
		{418AFD6E-403C-449E-B1A2-B495F528440D}.Release|Any CPU.ActiveCfg = Release|Any CPU
		{418AFD6E-403C-449E-B1A2-B495F528440D}.Release|Any CPU.Build.0 = Release|Any CPU
	EndGlobalSection
	GlobalSection(SolutionProperties) = preSolution
		HideSolutionNode = FALSE
	EndGlobalSection
	GlobalSection(ExtensibilityGlobals) = postSolution
		SolutionGuid = {F71D4655-1C06-4115-860C-341E154AE50F}
	EndGlobalSection
EndGlobal
